// !$*UTF8*$!
{
	archiveVersion = 1;
	classes = {
	};
	objectVersion = 46;
	objects = {

/* Begin PBXBuildFile section */
		8B6A512D1B1A823B00E86CF3 /* main.m in Sources */ = {isa = PBXBuildFile; fileRef = 8B6A512C1B1A823B00E86CF3 /* main.m */; };
		8B6A51301B1A823B00E86CF3 /* AppDelegate.m in Sources */ = {isa = PBXBuildFile; fileRef = 8B6A512F1B1A823B00E86CF3 /* AppDelegate.m */; };
		8B6A51361B1A823B00E86CF3 /* Main.storyboard in Resources */ = {isa = PBXBuildFile; fileRef = 8B6A51341B1A823B00E86CF3 /* Main.storyboard */; };
		8B6A51381B1A823B00E86CF3 /* Images.xcassets in Resources */ = {isa = PBXBuildFile; fileRef = 8B6A51371B1A823B00E86CF3 /* Images.xcassets */; };
		8B6A513B1B1A823B00E86CF3 /* LaunchScreen.xib in Resources */ = {isa = PBXBuildFile; fileRef = 8B6A51391B1A823B00E86CF3 /* LaunchScreen.xib */; };
		8B6A51471B1A823B00E86CF3 /* ContiExamTests.m in Sources */ = {isa = PBXBuildFile; fileRef = 8B6A51461B1A823B00E86CF3 /* ContiExamTests.m */; };
		8B6A51531B1ABAF500E86CF3 /* MainTabBarController.m in Sources */ = {isa = PBXBuildFile; fileRef = 8B6A51521B1ABAF500E86CF3 /* MainTabBarController.m */; };
		8B6A51561B1AC69500E86CF3 /* PageContentViewController.m in Sources */ = {isa = PBXBuildFile; fileRef = 8B6A51551B1AC69500E86CF3 /* PageContentViewController.m */; };
		8B6A51591B1AF50500E86CF3 /* IntroPageViewController.m in Sources */ = {isa = PBXBuildFile; fileRef = 8B6A51581B1AF50500E86CF3 /* IntroPageViewController.m */; };
		8B6A515C1B1B0DBF00E86CF3 /* continental_logo.png in Resources */ = {isa = PBXBuildFile; fileRef = 8B6A515B1B1B0DBF00E86CF3 /* continental_logo.png */; };
		8B6A51601B1B19B200E86CF3 /* BasePageViewController.m in Sources */ = {isa = PBXBuildFile; fileRef = 8B6A515F1B1B19B200E86CF3 /* BasePageViewController.m */; };
		8B6A51681B1BB04400E86CF3 /* continental_horse_black_32.png in Resources */ = {isa = PBXBuildFile; fileRef = 8B6A51671B1BB04400E86CF3 /* continental_horse_black_32.png */; };
		8B6A516C1B1BB35F00E86CF3 /* ContiTeamTableViewController.m in Sources */ = {isa = PBXBuildFile; fileRef = 8B6A516B1B1BB35F00E86CF3 /* ContiTeamTableViewController.m */; };
		8B6A516F1B1BBC5A00E86CF3 /* MemberTableViewCell.m in Sources */ = {isa = PBXBuildFile; fileRef = 8B6A516E1B1BBC5A00E86CF3 /* MemberTableViewCell.m */; };
		8B6A51731B1BC7C900E86CF3 /* alucard.jpg in Resources */ = {isa = PBXBuildFile; fileRef = 8B6A51701B1BC7C900E86CF3 /* alucard.jpg */; };
		8B6A51741B1BC7C900E86CF3 /* maria.jpg in Resources */ = {isa = PBXBuildFile; fileRef = 8B6A51711B1BC7C900E86CF3 /* maria.jpg */; };
		8B6A51751B1BC7C900E86CF3 /* richter.jpg in Resources */ = {isa = PBXBuildFile; fileRef = 8B6A51721B1BC7C900E86CF3 /* richter.jpg */; };
		8B9687BF1B22B573000A76A4 /* AddUserViewController.m in Sources */ = {isa = PBXBuildFile; fileRef = 8B9687BE1B22B573000A76A4 /* AddUserViewController.m */; };
/* End PBXBuildFile section */

/* Begin PBXContainerItemProxy section */
		8B6A51411B1A823B00E86CF3 /* PBXContainerItemProxy */ = {
			isa = PBXContainerItemProxy;
			containerPortal = 8B6A511F1B1A823B00E86CF3 /* Project object */;
			proxyType = 1;
			remoteGlobalIDString = 8B6A51261B1A823B00E86CF3;
			remoteInfo = ContiExam;
		};
/* End PBXContainerItemProxy section */

/* Begin PBXFileReference section */
		8B6A51271B1A823B00E86CF3 /* ContiExam.app */ = {isa = PBXFileReference; explicitFileType = wrapper.application; includeInIndex = 0; path = ContiExam.app; sourceTree = BUILT_PRODUCTS_DIR; };
		8B6A512B1B1A823B00E86CF3 /* Info.plist */ = {isa = PBXFileReference; lastKnownFileType = text.plist.xml; path = Info.plist; sourceTree = "<group>"; };
		8B6A512C1B1A823B00E86CF3 /* main.m */ = {isa = PBXFileReference; lastKnownFileType = sourcecode.c.objc; path = main.m; sourceTree = "<group>"; };
		8B6A512E1B1A823B00E86CF3 /* AppDelegate.h */ = {isa = PBXFileReference; lastKnownFileType = sourcecode.c.h; path = AppDelegate.h; sourceTree = "<group>"; };
		8B6A512F1B1A823B00E86CF3 /* AppDelegate.m */ = {isa = PBXFileReference; lastKnownFileType = sourcecode.c.objc; path = AppDelegate.m; sourceTree = "<group>"; };
		8B6A51351B1A823B00E86CF3 /* Base */ = {isa = PBXFileReference; lastKnownFileType = file.storyboard; name = Base; path = Base.lproj/Main.storyboard; sourceTree = "<group>"; };
		8B6A51371B1A823B00E86CF3 /* Images.xcassets */ = {isa = PBXFileReference; lastKnownFileType = folder.assetcatalog; path = Images.xcassets; sourceTree = "<group>"; };
		8B6A513A1B1A823B00E86CF3 /* Base */ = {isa = PBXFileReference; lastKnownFileType = file.xib; name = Base; path = Base.lproj/LaunchScreen.xib; sourceTree = "<group>"; };
		8B6A51401B1A823B00E86CF3 /* ContiExamTests.xctest */ = {isa = PBXFileReference; explicitFileType = wrapper.cfbundle; includeInIndex = 0; path = ContiExamTests.xctest; sourceTree = BUILT_PRODUCTS_DIR; };
		8B6A51451B1A823B00E86CF3 /* Info.plist */ = {isa = PBXFileReference; lastKnownFileType = text.plist.xml; path = Info.plist; sourceTree = "<group>"; };
		8B6A51461B1A823B00E86CF3 /* ContiExamTests.m */ = {isa = PBXFileReference; lastKnownFileType = sourcecode.c.objc; path = ContiExamTests.m; sourceTree = "<group>"; };
		8B6A51511B1ABAF500E86CF3 /* MainTabBarController.h */ = {isa = PBXFileReference; fileEncoding = 4; lastKnownFileType = sourcecode.c.h; path = MainTabBarController.h; sourceTree = "<group>"; };
		8B6A51521B1ABAF500E86CF3 /* MainTabBarController.m */ = {isa = PBXFileReference; fileEncoding = 4; lastKnownFileType = sourcecode.c.objc; path = MainTabBarController.m; sourceTree = "<group>"; };
		8B6A51541B1AC69500E86CF3 /* PageContentViewController.h */ = {isa = PBXFileReference; fileEncoding = 4; lastKnownFileType = sourcecode.c.h; path = PageContentViewController.h; sourceTree = "<group>"; };
		8B6A51551B1AC69500E86CF3 /* PageContentViewController.m */ = {isa = PBXFileReference; fileEncoding = 4; lastKnownFileType = sourcecode.c.objc; path = PageContentViewController.m; sourceTree = "<group>"; };
		8B6A51571B1AF50500E86CF3 /* IntroPageViewController.h */ = {isa = PBXFileReference; fileEncoding = 4; lastKnownFileType = sourcecode.c.h; path = IntroPageViewController.h; sourceTree = "<group>"; };
		8B6A51581B1AF50500E86CF3 /* IntroPageViewController.m */ = {isa = PBXFileReference; fileEncoding = 4; lastKnownFileType = sourcecode.c.objc; path = IntroPageViewController.m; sourceTree = "<group>"; };
		8B6A515B1B1B0DBF00E86CF3 /* continental_logo.png */ = {isa = PBXFileReference; lastKnownFileType = image.png; path = continental_logo.png; sourceTree = "<group>"; };
		8B6A515E1B1B19B200E86CF3 /* BasePageViewController.h */ = {isa = PBXFileReference; fileEncoding = 4; lastKnownFileType = sourcecode.c.h; path = BasePageViewController.h; sourceTree = "<group>"; };
		8B6A515F1B1B19B200E86CF3 /* BasePageViewController.m */ = {isa = PBXFileReference; fileEncoding = 4; lastKnownFileType = sourcecode.c.objc; path = BasePageViewController.m; sourceTree = "<group>"; };
		8B6A51671B1BB04400E86CF3 /* continental_horse_black_32.png */ = {isa = PBXFileReference; lastKnownFileType = image.png; path = continental_horse_black_32.png; sourceTree = "<group>"; };
		8B6A516A1B1BB35F00E86CF3 /* ContiTeamTableViewController.h */ = {isa = PBXFileReference; fileEncoding = 4; lastKnownFileType = sourcecode.c.h; path = ContiTeamTableViewController.h; sourceTree = "<group>"; };
		8B6A516B1B1BB35F00E86CF3 /* ContiTeamTableViewController.m */ = {isa = PBXFileReference; fileEncoding = 4; lastKnownFileType = sourcecode.c.objc; path = ContiTeamTableViewController.m; sourceTree = "<group>"; };
		8B6A516D1B1BBC5A00E86CF3 /* MemberTableViewCell.h */ = {isa = PBXFileReference; fileEncoding = 4; lastKnownFileType = sourcecode.c.h; path = MemberTableViewCell.h; sourceTree = "<group>"; };
		8B6A516E1B1BBC5A00E86CF3 /* MemberTableViewCell.m */ = {isa = PBXFileReference; fileEncoding = 4; lastKnownFileType = sourcecode.c.objc; path = MemberTableViewCell.m; sourceTree = "<group>"; };
		8B6A51701B1BC7C900E86CF3 /* alucard.jpg */ = {isa = PBXFileReference; lastKnownFileType = image.jpeg; path = alucard.jpg; sourceTree = "<group>"; };
		8B6A51711B1BC7C900E86CF3 /* maria.jpg */ = {isa = PBXFileReference; lastKnownFileType = image.jpeg; path = maria.jpg; sourceTree = "<group>"; };
		8B6A51721B1BC7C900E86CF3 /* richter.jpg */ = {isa = PBXFileReference; lastKnownFileType = image.jpeg; path = richter.jpg; sourceTree = "<group>"; };
		8B9687BD1B22B573000A76A4 /* AddUserViewController.h */ = {isa = PBXFileReference; fileEncoding = 4; lastKnownFileType = sourcecode.c.h; path = AddUserViewController.h; sourceTree = "<group>"; };
		8B9687BE1B22B573000A76A4 /* AddUserViewController.m */ = {isa = PBXFileReference; fileEncoding = 4; lastKnownFileType = sourcecode.c.objc; path = AddUserViewController.m; sourceTree = "<group>"; };
/* End PBXFileReference section */

/* Begin PBXFrameworksBuildPhase section */
		8B6A51241B1A823B00E86CF3 /* Frameworks */ = {
			isa = PBXFrameworksBuildPhase;
			buildActionMask = 2147483647;
			files = (
			);
			runOnlyForDeploymentPostprocessing = 0;
		};
		8B6A513D1B1A823B00E86CF3 /* Frameworks */ = {
			isa = PBXFrameworksBuildPhase;
			buildActionMask = 2147483647;
			files = (
			);
			runOnlyForDeploymentPostprocessing = 0;
		};
/* End PBXFrameworksBuildPhase section */

/* Begin PBXGroup section */
		8B6A511E1B1A823B00E86CF3 = {
			isa = PBXGroup;
			children = (
				8B6A51291B1A823B00E86CF3 /* ContiExam */,
				8B6A51431B1A823B00E86CF3 /* ContiExamTests */,
				8B6A51281B1A823B00E86CF3 /* Products */,
			);
			sourceTree = "<group>";
		};
		8B6A51281B1A823B00E86CF3 /* Products */ = {
			isa = PBXGroup;
			children = (
				8B6A51271B1A823B00E86CF3 /* ContiExam.app */,
				8B6A51401B1A823B00E86CF3 /* ContiExamTests.xctest */,
			);
			name = Products;
			sourceTree = "<group>";
		};
		8B6A51291B1A823B00E86CF3 /* ContiExam */ = {
			isa = PBXGroup;
			children = (
				8B6A515A1B1B0DBF00E86CF3 /* imgs */,
				8B6A51501B1ABA0400E86CF3 /* Controllers */,
				8B6A512E1B1A823B00E86CF3 /* AppDelegate.h */,
				8B6A512F1B1A823B00E86CF3 /* AppDelegate.m */,
				8B6A51341B1A823B00E86CF3 /* Main.storyboard */,
				8B6A51371B1A823B00E86CF3 /* Images.xcassets */,
				8B6A51391B1A823B00E86CF3 /* LaunchScreen.xib */,
				8B6A512A1B1A823B00E86CF3 /* Supporting Files */,
			);
			path = ContiExam;
			sourceTree = "<group>";
		};
		8B6A512A1B1A823B00E86CF3 /* Supporting Files */ = {
			isa = PBXGroup;
			children = (
				8B6A512B1B1A823B00E86CF3 /* Info.plist */,
				8B6A512C1B1A823B00E86CF3 /* main.m */,
			);
			name = "Supporting Files";
			sourceTree = "<group>";
		};
		8B6A51431B1A823B00E86CF3 /* ContiExamTests */ = {
			isa = PBXGroup;
			children = (
				8B6A51461B1A823B00E86CF3 /* ContiExamTests.m */,
				8B6A51441B1A823B00E86CF3 /* Supporting Files */,
			);
			path = ContiExamTests;
			sourceTree = "<group>";
		};
		8B6A51441B1A823B00E86CF3 /* Supporting Files */ = {
			isa = PBXGroup;
			children = (
				8B6A51451B1A823B00E86CF3 /* Info.plist */,
			);
			name = "Supporting Files";
			sourceTree = "<group>";
		};
		8B6A51501B1ABA0400E86CF3 /* Controllers */ = {
			isa = PBXGroup;
			children = (
				8B6A51691B1BB33800E86CF3 /* ContiTeam */,
				8B6A515D1B1B186200E86CF3 /* Intro */,
				8B6A51511B1ABAF500E86CF3 /* MainTabBarController.h */,
				8B6A51521B1ABAF500E86CF3 /* MainTabBarController.m */,
			);
			name = Controllers;
			sourceTree = "<group>";
		};
		8B6A515A1B1B0DBF00E86CF3 /* imgs */ = {
			isa = PBXGroup;
			children = (
				8B6A51701B1BC7C900E86CF3 /* alucard.jpg */,
				8B6A51711B1BC7C900E86CF3 /* maria.jpg */,
				8B6A51721B1BC7C900E86CF3 /* richter.jpg */,
				8B6A51671B1BB04400E86CF3 /* continental_horse_black_32.png */,
				8B6A515B1B1B0DBF00E86CF3 /* continental_logo.png */,
			);
			path = imgs;
			sourceTree = "<group>";
		};
		8B6A515D1B1B186200E86CF3 /* Intro */ = {
			isa = PBXGroup;
			children = (
				8B6A51541B1AC69500E86CF3 /* PageContentViewController.h */,
				8B6A51551B1AC69500E86CF3 /* PageContentViewController.m */,
				8B6A51571B1AF50500E86CF3 /* IntroPageViewController.h */,
				8B6A51581B1AF50500E86CF3 /* IntroPageViewController.m */,
				8B6A515E1B1B19B200E86CF3 /* BasePageViewController.h */,
				8B6A515F1B1B19B200E86CF3 /* BasePageViewController.m */,
			);
			name = Intro;
			sourceTree = "<group>";
		};
		8B6A51691B1BB33800E86CF3 /* ContiTeam */ = {
			isa = PBXGroup;
			children = (
				8B9687BB1B22B514000A76A4 /* AddUser */,
				8B6A516A1B1BB35F00E86CF3 /* ContiTeamTableViewController.h */,
				8B6A516B1B1BB35F00E86CF3 /* ContiTeamTableViewController.m */,
				8B6A516D1B1BBC5A00E86CF3 /* MemberTableViewCell.h */,
				8B6A516E1B1BBC5A00E86CF3 /* MemberTableViewCell.m */,
			);
			name = ContiTeam;
			sourceTree = "<group>";
		};
		8B9687BB1B22B514000A76A4 /* AddUser */ = {
			isa = PBXGroup;
			children = (
				8B9687BD1B22B573000A76A4 /* AddUserViewController.h */,
				8B9687BE1B22B573000A76A4 /* AddUserViewController.m */,
			);
			name = AddUser;
			sourceTree = "<group>";
		};
/* End PBXGroup section */

/* Begin PBXNativeTarget section */
		8B6A51261B1A823B00E86CF3 /* ContiExam */ = {
			isa = PBXNativeTarget;
			buildConfigurationList = 8B6A514A1B1A823B00E86CF3 /* Build configuration list for PBXNativeTarget "ContiExam" */;
			buildPhases = (
				8B6A51231B1A823B00E86CF3 /* Sources */,
				8B6A51241B1A823B00E86CF3 /* Frameworks */,
				8B6A51251B1A823B00E86CF3 /* Resources */,
			);
			buildRules = (
			);
			dependencies = (
			);
			name = ContiExam;
			productName = ContiExam;
			productReference = 8B6A51271B1A823B00E86CF3 /* ContiExam.app */;
			productType = "com.apple.product-type.application";
		};
		8B6A513F1B1A823B00E86CF3 /* ContiExamTests */ = {
			isa = PBXNativeTarget;
			buildConfigurationList = 8B6A514D1B1A823B00E86CF3 /* Build configuration list for PBXNativeTarget "ContiExamTests" */;
			buildPhases = (
				8B6A513C1B1A823B00E86CF3 /* Sources */,
				8B6A513D1B1A823B00E86CF3 /* Frameworks */,
				8B6A513E1B1A823B00E86CF3 /* Resources */,
			);
			buildRules = (
			);
			dependencies = (
				8B6A51421B1A823B00E86CF3 /* PBXTargetDependency */,
			);
			name = ContiExamTests;
			productName = ContiExamTests;
			productReference = 8B6A51401B1A823B00E86CF3 /* ContiExamTests.xctest */;
			productType = "com.apple.product-type.bundle.unit-test";
		};
/* End PBXNativeTarget section */

/* Begin PBXProject section */
		8B6A511F1B1A823B00E86CF3 /* Project object */ = {
			isa = PBXProject;
			attributes = {
				LastUpgradeCheck = 0630;
				ORGANIZATIONNAME = "Oscar & Ramon";
				TargetAttributes = {
					8B6A51261B1A823B00E86CF3 = {
						CreatedOnToolsVersion = 6.3.2;
					};
					8B6A513F1B1A823B00E86CF3 = {
						CreatedOnToolsVersion = 6.3.2;
						TestTargetID = 8B6A51261B1A823B00E86CF3;
					};
				};
			};
			buildConfigurationList = 8B6A51221B1A823B00E86CF3 /* Build configuration list for PBXProject "ContiExam" */;
			compatibilityVersion = "Xcode 3.2";
			developmentRegion = English;
			hasScannedForEncodings = 0;
			knownRegions = (
				en,
				Base,
			);
			mainGroup = 8B6A511E1B1A823B00E86CF3;
			productRefGroup = 8B6A51281B1A823B00E86CF3 /* Products */;
			projectDirPath = "";
			projectRoot = "";
			targets = (
				8B6A51261B1A823B00E86CF3 /* ContiExam */,
				8B6A513F1B1A823B00E86CF3 /* ContiExamTests */,
			);
		};
/* End PBXProject section */

/* Begin PBXResourcesBuildPhase section */
		8B6A51251B1A823B00E86CF3 /* Resources */ = {
			isa = PBXResourcesBuildPhase;
			buildActionMask = 2147483647;
			files = (
				8B6A51361B1A823B00E86CF3 /* Main.storyboard in Resources */,
				8B6A51741B1BC7C900E86CF3 /* maria.jpg in Resources */,
				8B6A513B1B1A823B00E86CF3 /* LaunchScreen.xib in Resources */,
				8B6A51751B1BC7C900E86CF3 /* richter.jpg in Resources */,
				8B6A51731B1BC7C900E86CF3 /* alucard.jpg in Resources */,
				8B6A51681B1BB04400E86CF3 /* continental_horse_black_32.png in Resources */,
				8B6A515C1B1B0DBF00E86CF3 /* continental_logo.png in Resources */,
				8B6A51381B1A823B00E86CF3 /* Images.xcassets in Resources */,
			);
			runOnlyForDeploymentPostprocessing = 0;
		};
		8B6A513E1B1A823B00E86CF3 /* Resources */ = {
			isa = PBXResourcesBuildPhase;
			buildActionMask = 2147483647;
			files = (
			);
			runOnlyForDeploymentPostprocessing = 0;
		};
/* End PBXResourcesBuildPhase section */

/* Begin PBXSourcesBuildPhase section */
		8B6A51231B1A823B00E86CF3 /* Sources */ = {
			isa = PBXSourcesBuildPhase;
			buildActionMask = 2147483647;
			files = (
				8B6A51301B1A823B00E86CF3 /* AppDelegate.m in Sources */,
				8B6A516C1B1BB35F00E86CF3 /* ContiTeamTableViewController.m in Sources */,
				8B6A51561B1AC69500E86CF3 /* PageContentViewController.m in Sources */,
				8B6A516F1B1BBC5A00E86CF3 /* MemberTableViewCell.m in Sources */,
				8B6A51531B1ABAF500E86CF3 /* MainTabBarController.m in Sources */,
				8B6A512D1B1A823B00E86CF3 /* main.m in Sources */,
				8B6A51601B1B19B200E86CF3 /* BasePageViewController.m in Sources */,
				8B6A51591B1AF50500E86CF3 /* IntroPageViewController.m in Sources */,
				8B9687BF1B22B573000A76A4 /* AddUserViewController.m in Sources */,
			);
			runOnlyForDeploymentPostprocessing = 0;
		};
		8B6A513C1B1A823B00E86CF3 /* Sources */ = {
			isa = PBXSourcesBuildPhase;
			buildActionMask = 2147483647;
			files = (
				8B6A51471B1A823B00E86CF3 /* ContiExamTests.m in Sources */,
			);
			runOnlyForDeploymentPostprocessing = 0;
		};
/* End PBXSourcesBuildPhase section */

/* Begin PBXTargetDependency section */
		8B6A51421B1A823B00E86CF3 /* PBXTargetDependency */ = {
			isa = PBXTargetDependency;
			target = 8B6A51261B1A823B00E86CF3 /* ContiExam */;
			targetProxy = 8B6A51411B1A823B00E86CF3 /* PBXContainerItemProxy */;
		};
/* End PBXTargetDependency section */

/* Begin PBXVariantGroup section */
		8B6A51341B1A823B00E86CF3 /* Main.storyboard */ = {
			isa = PBXVariantGroup;
			children = (
				8B6A51351B1A823B00E86CF3 /* Base */,
			);
			name = Main.storyboard;
			sourceTree = "<group>";
		};
		8B6A51391B1A823B00E86CF3 /* LaunchScreen.xib */ = {
			isa = PBXVariantGroup;
			children = (
				8B6A513A1B1A823B00E86CF3 /* Base */,
			);
			name = LaunchScreen.xib;
			sourceTree = "<group>";
		};
/* End PBXVariantGroup section */

/* Begin XCBuildConfiguration section */
		8B6A51481B1A823B00E86CF3 /* Debug */ = {
			isa = XCBuildConfiguration;
			buildSettings = {
				ALWAYS_SEARCH_USER_PATHS = NO;
				CLANG_CXX_LANGUAGE_STANDARD = "gnu++0x";
				CLANG_CXX_LIBRARY = "libc++";
				CLANG_ENABLE_MODULES = YES;
				CLANG_ENABLE_OBJC_ARC = YES;
				CLANG_WARN_BOOL_CONVERSION = YES;
				CLANG_WARN_CONSTANT_CONVERSION = YES;
				CLANG_WARN_DIRECT_OBJC_ISA_USAGE = YES_ERROR;
				CLANG_WARN_EMPTY_BODY = YES;
				CLANG_WARN_ENUM_CONVERSION = YES;
				CLANG_WARN_INT_CONVERSION = YES;
				CLANG_WARN_OBJC_ROOT_CLASS = YES_ERROR;
				CLANG_WARN_UNREACHABLE_CODE = YES;
				CLANG_WARN__DUPLICATE_METHOD_MATCH = YES;
				"CODE_SIGN_IDENTITY[sdk=iphoneos*]" = "iPhone Developer";
				COPY_PHASE_STRIP = NO;
				DEBUG_INFORMATION_FORMAT = "dwarf-with-dsym";
				ENABLE_STRICT_OBJC_MSGSEND = YES;
				GCC_C_LANGUAGE_STANDARD = gnu99;
				GCC_DYNAMIC_NO_PIC = NO;
				GCC_NO_COMMON_BLOCKS = YES;
				GCC_OPTIMIZATION_LEVEL = 0;
				GCC_PREPROCESSOR_DEFINITIONS = (
					"DEBUG=1",
					"$(inherited)",
				);
				GCC_SYMBOLS_PRIVATE_EXTERN = NO;
				GCC_WARN_64_TO_32_BIT_CONVERSION = YES;
				GCC_WARN_ABOUT_RETURN_TYPE = YES_ERROR;
				GCC_WARN_UNDECLARED_SELECTOR = YES;
				GCC_WARN_UNINITIALIZED_AUTOS = YES_AGGRESSIVE;
				GCC_WARN_UNUSED_FUNCTION = YES;
				GCC_WARN_UNUSED_VARIABLE = YES;
				IPHONEOS_DEPLOYMENT_TARGET = 8.3;
				MTL_ENABLE_DEBUG_INFO = YES;
				ONLY_ACTIVE_ARCH = YES;
				SDKROOT = iphoneos;
			};
			name = Debug;
		};
		8B6A51491B1A823B00E86CF3 /* Release */ = {
			isa = XCBuildConfiguration;
			buildSettings = {
				ALWAYS_SEARCH_USER_PATHS = NO;
				CLANG_CXX_LANGUAGE_STANDARD = "gnu++0x";
				CLANG_CXX_LIBRARY = "libc++";
				CLANG_ENABLE_MODULES = YES;
				CLANG_ENABLE_OBJC_ARC = YES;
				CLANG_WARN_BOOL_CONVERSION = YES;
				CLANG_WARN_CONSTANT_CONVERSION = YES;
				CLANG_WARN_DIRECT_OBJC_ISA_USAGE = YES_ERROR;
				CLANG_WARN_EMPTY_BODY = YES;
				CLANG_WARN_ENUM_CONVERSION = YES;
				CLANG_WARN_INT_CONVERSION = YES;
				CLANG_WARN_OBJC_ROOT_CLASS = YES_ERROR;
				CLANG_WARN_UNREACHABLE_CODE = YES;
				CLANG_WARN__DUPLICATE_METHOD_MATCH = YES;
				"CODE_SIGN_IDENTITY[sdk=iphoneos*]" = "iPhone Developer";
				COPY_PHASE_STRIP = NO;
				DEBUG_INFORMATION_FORMAT = "dwarf-with-dsym";
				ENABLE_NS_ASSERTIONS = NO;
				ENABLE_STRICT_OBJC_MSGSEND = YES;
				GCC_C_LANGUAGE_STANDARD = gnu99;
				GCC_NO_COMMON_BLOCKS = YES;
				GCC_WARN_64_TO_32_BIT_CONVERSION = YES;
				GCC_WARN_ABOUT_RETURN_TYPE = YES_ERROR;
				GCC_WARN_UNDECLARED_SELECTOR = YES;
				GCC_WARN_UNINITIALIZED_AUTOS = YES_AGGRESSIVE;
				GCC_WARN_UNUSED_FUNCTION = YES;
				GCC_WARN_UNUSED_VARIABLE = YES;
				IPHONEOS_DEPLOYMENT_TARGET = 8.3;
				MTL_ENABLE_DEBUG_INFO = NO;
				SDKROOT = iphoneos;
				VALIDATE_PRODUCT = YES;
			};
			name = Release;
		};
		8B6A514B1B1A823B00E86CF3 /* Debug */ = {
			isa = XCBuildConfiguration;
			buildSettings = {
				ASSETCATALOG_COMPILER_APPICON_NAME = AppIcon;
				INFOPLIST_FILE = ContiExam/Info.plist;
				LD_RUNPATH_SEARCH_PATHS = "$(inherited) @executable_path/Frameworks";
				PRODUCT_NAME = "$(TARGET_NAME)";
			};
			name = Debug;
		};
		8B6A514C1B1A823B00E86CF3 /* Release */ = {
			isa = XCBuildConfiguration;
			buildSettings = {
				ASSETCATALOG_COMPILER_APPICON_NAME = AppIcon;
				INFOPLIST_FILE = ContiExam/Info.plist;
				LD_RUNPATH_SEARCH_PATHS = "$(inherited) @executable_path/Frameworks";
				PRODUCT_NAME = "$(TARGET_NAME)";
			};
			name = Release;
		};
		8B6A514E1B1A823B00E86CF3 /* Debug */ = {
			isa = XCBuildConfiguration;
			buildSettings = {
				BUNDLE_LOADER = "$(TEST_HOST)";
				FRAMEWORK_SEARCH_PATHS = (
					"$(SDKROOT)/Developer/Library/Frameworks",
					"$(inherited)",
				);
				GCC_PREPROCESSOR_DEFINITIONS = (
					"DEBUG=1",
					"$(inherited)",
				);
				INFOPLIST_FILE = ContiExamTests/Info.plist;
				LD_RUNPATH_SEARCH_PATHS = "$(inherited) @executable_path/Frameworks @loader_path/Frameworks";
				PRODUCT_NAME = "$(TARGET_NAME)";
				TEST_HOST = "$(BUILT_PRODUCTS_DIR)/ContiExam.app/ContiExam";
			};
			name = Debug;
		};
		8B6A514F1B1A823B00E86CF3 /* Release */ = {
			isa = XCBuildConfiguration;
			buildSettings = {
				BUNDLE_LOADER = "$(TEST_HOST)";
				FRAMEWORK_SEARCH_PATHS = (
					"$(SDKROOT)/Developer/Library/Frameworks",
					"$(inherited)",
				);
				INFOPLIST_FILE = ContiExamTests/Info.plist;
				LD_RUNPATH_SEARCH_PATHS = "$(inherited) @executable_path/Frameworks @loader_path/Frameworks";
				PRODUCT_NAME = "$(TARGET_NAME)";
				TEST_HOST = "$(BUILT_PRODUCTS_DIR)/ContiExam.app/ContiExam";
			};
			name = Release;
		};
/* End XCBuildConfiguration section */

/* Begin XCConfigurationList section */
		8B6A51221B1A823B00E86CF3 /* Build configuration list for PBXProject "ContiExam" */ = {
			isa = XCConfigurationList;
			buildConfigurations = (
				8B6A51481B1A823B00E86CF3 /* Debug */,
				8B6A51491B1A823B00E86CF3 /* Release */,
			);
			defaultConfigurationIsVisible = 0;
			defaultConfigurationName = Release;
		};
		8B6A514A1B1A823B00E86CF3 /* Build configuration list for PBXNativeTarget "ContiExam" */ = {
			isa = XCConfigurationList;
			buildConfigurations = (
				8B6A514B1B1A823B00E86CF3 /* Debug */,
				8B6A514C1B1A823B00E86CF3 /* Release */,
			);
			defaultConfigurationIsVisible = 0;
			defaultConfigurationName = Release;
		};
		8B6A514D1B1A823B00E86CF3 /* Build configuration list for PBXNativeTarget "ContiExamTests" */ = {
			isa = XCConfigurationList;
			buildConfigurations = (
				8B6A514E1B1A823B00E86CF3 /* Debug */,
				8B6A514F1B1A823B00E86CF3 /* Release */,
			);
			defaultConfigurationIsVisible = 0;
			defaultConfigurationName = Release;
		};
/* End XCConfigurationList section */
	};
	rootObject = 8B6A511F1B1A823B00E86CF3 /* Project object */;
}
